# THIS IS AN AUTOGENERATED FILE. DO NOT EDIT THIS FILE DIRECTLY.
# yarn lockfile v1


mouse-tailing@0.0.8:
  version "0.0.7"
  resolved "https://registry.npmmirror.com/mouse-tailing/-/mouse-tailing-0.0.7.tgz#94f80b3d25ea4329e9778176cb6ae77a1afdbb4d"
  integrity sha512-g5P424bLWa82iKsMWIeK55QJC+j4zxn/XVlN/XwRGwoP2tiqixQTwxPJH1V0IIBlr0ENnLygtMEp2QOfbJ5b7g==
