# THIS IS AN AUTOGENERATED FILE. DO NOT EDIT THIS FILE DIRECTLY.
# yarn lockfile v1


mouse-tailing@0.0.8:
  version "0.0.8"
  resolved "https://registry.npmmirror.com/mouse-tailing/-/mouse-tailing-0.0.8.tgz#b04aef77982d1fb948c2362213e05ab017504e07"
  integrity sha512-hNKB2w8QB3SU3qurZ6ugu7b07JbBWfuhT/QwIVnJDeLeJDnsSTBliX+zdlCL3SDXlAQVDog/05wRJj6d8XT35A==
